
Microsoft Visual Studio Solution File, Format Version 12.00
# Visual Studio Version 16
VisualStudioVersion = 16.0.29911.84
MinimumVisualStudioVersion = 10.0.40219.1
Project("{2150E333-8FDC-42A3-9474-1A3956D46DE8}") = "Layers", "Layers", "{1C12B53E-9F57-444B-BFC6-D570DE1B80F0}"
EndProject
Project("{2150E333-8FDC-42A3-9474-1A3956D46DE8}") = "1.1 Application", "1.1 Application", "{CF7831C7-705B-49C1-8C5F-7123B6913259}"
EndProject
Project("{2150E333-8FDC-42A3-9474-1A3956D46DE8}") = "1.2 Business", "1.2 Business", "{B9EC1DDE-6F65-49C0-AB04-D798712281FE}"
EndProject
Project("{2150E333-8FDC-42A3-9474-1A3956D46DE8}") = "1.3 DataAccess", "1.3 DataAccess", "{184F1691-DD12-42ED-BD7A-CEF7788955FA}"
EndProject
Project("{2150E333-8FDC-42A3-9474-1A3956D46DE8}") = "1.4 Cross-Cutting", "1.4 Cross-Cutting", "{F73D3401-96CC-4548-9FBF-5A533C09E13F}"
EndProject
Project("{FAE04EC0-301F-11D3-BF4B-00C04F79EFBC}") = "JADASystec.Business", "JADASystec.Business\JADASystec.Business.csproj", "{6F5817EF-509D-4508-B7BB-F15D253ED6BE}"
EndProject
Project("{FAE04EC0-301F-11D3-BF4B-00C04F79EFBC}") = "JADASystec.DataAccess", "JADASystec.DataAccess\JADASystec.DataAccess.csproj", "{10FE15FB-1E46-4C53-B69B-2E10554EBF4A}"
EndProject
Project("{FAE04EC0-301F-11D3-BF4B-00C04F79EFBC}") = "JADASystec.DataAccess.Contracts", "JADASystec.DataAccess.Contracts\JADASystec.DataAccess.Contracts.csproj", "{440A661E-CE45-4B77-8628-03C830F716F0}"
EndProject
Project("{FAE04EC0-301F-11D3-BF4B-00C04F79EFBC}") = "JADASystect.CrossCutting", "JADASystect.CrossCutting\JADASystect.CrossCutting.csproj", "{E545BD54-2E20-421B-AAE6-F4A7A4F02065}"
EndProject
Project("{FAE04EC0-301F-11D3-BF4B-00C04F79EFBC}") = "JADASystec.LicenseGenerator", "JADASystec.LicenseGenerator\JADASystec.LicenseGenerator.csproj", "{6AEA7540-4B66-473A-898A-DCC5FA86513D}"
EndProject
Global
	GlobalSection(SolutionConfigurationPlatforms) = preSolution
		Debug|Any CPU = Debug|Any CPU
		Release|Any CPU = Release|Any CPU
	EndGlobalSection
	GlobalSection(ProjectConfigurationPlatforms) = postSolution
		{6F5817EF-509D-4508-B7BB-F15D253ED6BE}.Debug|Any CPU.ActiveCfg = Debug|Any CPU
		{6F5817EF-509D-4508-B7BB-F15D253ED6BE}.Debug|Any CPU.Build.0 = Debug|Any CPU
		{6F5817EF-509D-4508-B7BB-F15D253ED6BE}.Release|Any CPU.ActiveCfg = Release|Any CPU
		{6F5817EF-509D-4508-B7BB-F15D253ED6BE}.Release|Any CPU.Build.0 = Release|Any CPU
		{10FE15FB-1E46-4C53-B69B-2E10554EBF4A}.Debug|Any CPU.ActiveCfg = Debug|Any CPU
		{10FE15FB-1E46-4C53-B69B-2E10554EBF4A}.Debug|Any CPU.Build.0 = Debug|Any CPU
		{10FE15FB-1E46-4C53-B69B-2E10554EBF4A}.Release|Any CPU.ActiveCfg = Release|Any CPU
		{10FE15FB-1E46-4C53-B69B-2E10554EBF4A}.Release|Any CPU.Build.0 = Release|Any CPU
		{440A661E-CE45-4B77-8628-03C830F716F0}.Debug|Any CPU.ActiveCfg = Debug|Any CPU
		{440A661E-CE45-4B77-8628-03C830F716F0}.Debug|Any CPU.Build.0 = Debug|Any CPU
		{440A661E-CE45-4B77-8628-03C830F716F0}.Release|Any CPU.ActiveCfg = Release|Any CPU
		{440A661E-CE45-4B77-8628-03C830F716F0}.Release|Any CPU.Build.0 = Release|Any CPU
		{E545BD54-2E20-421B-AAE6-F4A7A4F02065}.Debug|Any CPU.ActiveCfg = Debug|Any CPU
		{E545BD54-2E20-421B-AAE6-F4A7A4F02065}.Debug|Any CPU.Build.0 = Debug|Any CPU
		{E545BD54-2E20-421B-AAE6-F4A7A4F02065}.Release|Any CPU.ActiveCfg = Release|Any CPU
		{E545BD54-2E20-421B-AAE6-F4A7A4F02065}.Release|Any CPU.Build.0 = Release|Any CPU
		{6AEA7540-4B66-473A-898A-DCC5FA86513D}.Debug|Any CPU.ActiveCfg = Debug|Any CPU
		{6AEA7540-4B66-473A-898A-DCC5FA86513D}.Debug|Any CPU.Build.0 = Debug|Any CPU
		{6AEA7540-4B66-473A-898A-DCC5FA86513D}.Release|Any CPU.ActiveCfg = Release|Any CPU
		{6AEA7540-4B66-473A-898A-DCC5FA86513D}.Release|Any CPU.Build.0 = Release|Any CPU
	EndGlobalSection
	GlobalSection(SolutionProperties) = preSolution
		HideSolutionNode = FALSE
	EndGlobalSection
	GlobalSection(NestedProjects) = preSolution
		{CF7831C7-705B-49C1-8C5F-7123B6913259} = {1C12B53E-9F57-444B-BFC6-D570DE1B80F0}
		{B9EC1DDE-6F65-49C0-AB04-D798712281FE} = {1C12B53E-9F57-444B-BFC6-D570DE1B80F0}
		{184F1691-DD12-42ED-BD7A-CEF7788955FA} = {1C12B53E-9F57-444B-BFC6-D570DE1B80F0}
		{F73D3401-96CC-4548-9FBF-5A533C09E13F} = {1C12B53E-9F57-444B-BFC6-D570DE1B80F0}
		{6F5817EF-509D-4508-B7BB-F15D253ED6BE} = {B9EC1DDE-6F65-49C0-AB04-D798712281FE}
		{10FE15FB-1E46-4C53-B69B-2E10554EBF4A} = {184F1691-DD12-42ED-BD7A-CEF7788955FA}
		{440A661E-CE45-4B77-8628-03C830F716F0} = {184F1691-DD12-42ED-BD7A-CEF7788955FA}
		{E545BD54-2E20-421B-AAE6-F4A7A4F02065} = {F73D3401-96CC-4548-9FBF-5A533C09E13F}
		{6AEA7540-4B66-473A-898A-DCC5FA86513D} = {CF7831C7-705B-49C1-8C5F-7123B6913259}
	EndGlobalSection
	GlobalSection(ExtensibilityGlobals) = postSolution
		SolutionGuid = {E8CAF842-1751-4782-831B-B648E3103992}
	EndGlobalSection
EndGlobal
